{
  "name": "memesrcindextoopensearch",
  "version": "2.0.0",
  "lockfileVersion": 3,
  "requires": true,
  "packages": {
    "": {
      "name": "memesrcindextoopensearch",
      "version": "2.0.0",
      "license": "Apache-2.0",
      "devDependencies": {
        "@types/aws-lambda": "^8.10.92"
      }
    },
    "node_modules/@types/aws-lambda": {
      "version": "8.10.136",
      "resolved": "https://registry.npmjs.org/@types/aws-lambda/-/aws-lambda-8.10.136.tgz",
      "integrity": "sha512-cmmgqxdVGhxYK9lZMYYXYRJk6twBo53ivtXjIUEFZxfxe4TkZTZBK3RRWrY2HjJcUIix0mdifn15yjOAat5lTA==",
      "dev": true
    }
  }
}
