{
  "name": "memesrcgraphql",
  "version": "2.0.0",
  "lockfileVersion": 2,
  "requires": true,
  "packages": {
    "": {
      "name": "memesrcgraphql",
      "version": "2.0.0",
      "license": "Apache-2.0",
      "dependencies": {
        "@aws-crypto/sha256-js": "^2.0.1",
        "@aws-sdk/credential-provider-node": "^3.76.0",
        "@aws-sdk/protocol-http": "^3.58.0",
        "@aws-sdk/signature-v4": "^3.58.0",
        "node-fetch": "^3.2.3"
      },
      "devDependencies": {
        "@types/aws-lambda": "^8.10.92"
      }
    },
    "node_modules/@aws-crypto/ie11-detection": {
      "version": "3.0.0",
      "license": "Apache-2.0",
      "dependencies": {
        "tslib": "^1.11.1"
      }
    },
    "node_modules/@aws-crypto/ie11-detection/node_modules/tslib": {
      "version": "1.14.1",
      "license": "0BSD"
    },
    "node_modules/@aws-crypto/sha256-browser": {
      "version": "3.0.0",
      "license": "Apache-2.0",
      "dependencies": {
        "@aws-crypto/ie11-detection": "^3.0.0",
        "@aws-crypto/sha256-js": "^3.0.0",
        "@aws-crypto/supports-web-crypto": "^3.0.0",
        "@aws-crypto/util": "^3.0.0",
        "@aws-sdk/types": "^3.222.0",
        "@aws-sdk/util-locate-window": "^3.0.0",
        "@aws-sdk/util-utf8-browser": "^3.0.0",
        "tslib": "^1.11.1"
      }
    },
    "node_modules/@aws-crypto/sha256-browser/node_modules/@aws-crypto/sha256-js": {
      "version": "3.0.0",
      "license": "Apache-2.0",
      "dependencies": {
        "@aws-crypto/util": "^3.0.0",
        "@aws-sdk/types": "^3.222.0",
        "tslib": "^1.11.1"
      }
    },
    "node_modules/@aws-crypto/sha256-browser/node_modules/tslib": {
      "version": "1.14.1",
      "license": "0BSD"
    },
    "node_modules/@aws-crypto/sha256-js": {
      "version": "2.0.2",
      "license": "Apache-2.0",
      "dependencies": {
        "@aws-crypto/util": "^2.0.2",
        "@aws-sdk/types": "^3.110.0",
        "tslib": "^1.11.1"
      }
    },
    "node_modules/@aws-crypto/sha256-js/node_modules/@aws-crypto/util": {
      "version": "2.0.2",
      "license": "Apache-2.0",
      "dependencies": {
        "@aws-sdk/types": "^3.110.0",
        "@aws-sdk/util-utf8-browser": "^3.0.0",
        "tslib": "^1.11.1"
      }
    },
    "node_modules/@aws-crypto/sha256-js/node_modules/tslib": {
      "version": "1.14.1",
      "license": "0BSD"
    },
    "node_modules/@aws-crypto/supports-web-crypto": {
      "version": "3.0.0",
      "license": "Apache-2.0",
      "dependencies": {
        "tslib": "^1.11.1"
      }
    },
    "node_modules/@aws-crypto/supports-web-crypto/node_modules/tslib": {
      "version": "1.14.1",
      "license": "0BSD"
    },
    "node_modules/@aws-crypto/util": {
      "version": "3.0.0",
      "license": "Apache-2.0",
      "dependencies": {
        "@aws-sdk/types": "^3.222.0",
        "@aws-sdk/util-utf8-browser": "^3.0.0",
        "tslib": "^1.11.1"
      }
    },
    "node_modules/@aws-crypto/util/node_modules/tslib": {
      "version": "1.14.1",
      "license": "0BSD"
    },
    "node_modules/@aws-sdk/abort-controller": {
      "version": "3.303.0",
      "license": "Apache-2.0",
      "dependencies": {
        "@aws-sdk/types": "3.303.0",
        "tslib": "^2.5.0"
      },
      "engines": {
        "node": ">=14.0.0"
      }
    },
    "node_modules/@aws-sdk/client-sso": {
      "version": "3.303.0",
      "license": "Apache-2.0",
      "dependencies": {
        "@aws-crypto/sha256-browser": "3.0.0",
        "@aws-crypto/sha256-js": "3.0.0",
        "@aws-sdk/config-resolver": "3.303.0",
        "@aws-sdk/fetch-http-handler": "3.303.0",
        "@aws-sdk/hash-node": "3.303.0",
        "@aws-sdk/invalid-dependency": "3.303.0",
        "@aws-sdk/middleware-content-length": "3.303.0",
        "@aws-sdk/middleware-endpoint": "3.303.0",
        "@aws-sdk/middleware-host-header": "3.303.0",
        "@aws-sdk/middleware-logger": "3.303.0",
        "@aws-sdk/middleware-recursion-detection": "3.303.0",
        "@aws-sdk/middleware-retry": "3.303.0",
        "@aws-sdk/middleware-serde": "3.303.0",
        "@aws-sdk/middleware-stack": "3.303.0",
        "@aws-sdk/middleware-user-agent": "3.303.0",
        "@aws-sdk/node-config-provider": "3.303.0",
        "@aws-sdk/node-http-handler": "3.303.0",
        "@aws-sdk/protocol-http": "3.303.0",
        "@aws-sdk/smithy-client": "3.303.0",
        "@aws-sdk/types": "3.303.0",
        "@aws-sdk/url-parser": "3.303.0",
        "@aws-sdk/util-base64": "3.303.0",
        "@aws-sdk/util-body-length-browser": "3.303.0",
        "@aws-sdk/util-body-length-node": "3.303.0",
        "@aws-sdk/util-defaults-mode-browser": "3.303.0",
        "@aws-sdk/util-defaults-mode-node": "3.303.0",
        "@aws-sdk/util-endpoints": "3.303.0",
        "@aws-sdk/util-retry": "3.303.0",
        "@aws-sdk/util-user-agent-browser": "3.303.0",
        "@aws-sdk/util-user-agent-node": "3.303.0",
        "@aws-sdk/util-utf8": "3.303.0",
        "tslib": "^2.5.0"
      },
      "engines": {
        "node": ">=14.0.0"
      }
    },
    "node_modules/@aws-sdk/client-sso-oidc": {
      "version": "3.303.0",
      "license": "Apache-2.0",
      "dependencies": {
        "@aws-crypto/sha256-browser": "3.0.0",
        "@aws-crypto/sha256-js": "3.0.0",
        "@aws-sdk/config-resolver": "3.303.0",
        "@aws-sdk/fetch-http-handler": "3.303.0",
        "@aws-sdk/hash-node": "3.303.0",
        "@aws-sdk/invalid-dependency": "3.303.0",
        "@aws-sdk/middleware-content-length": "3.303.0",
        "@aws-sdk/middleware-endpoint": "3.303.0",
        "@aws-sdk/middleware-host-header": "3.303.0",
        "@aws-sdk/middleware-logger": "3.303.0",
        "@aws-sdk/middleware-recursion-detection": "3.303.0",
        "@aws-sdk/middleware-retry": "3.303.0",
        "@aws-sdk/middleware-serde": "3.303.0",
        "@aws-sdk/middleware-stack": "3.303.0",
        "@aws-sdk/middleware-user-agent": "3.303.0",
        "@aws-sdk/node-config-provider": "3.303.0",
        "@aws-sdk/node-http-handler": "3.303.0",
        "@aws-sdk/protocol-http": "3.303.0",
        "@aws-sdk/smithy-client": "3.303.0",
        "@aws-sdk/types": "3.303.0",
        "@aws-sdk/url-parser": "3.303.0",
        "@aws-sdk/util-base64": "3.303.0",
        "@aws-sdk/util-body-length-browser": "3.303.0",
        "@aws-sdk/util-body-length-node": "3.303.0",
        "@aws-sdk/util-defaults-mode-browser": "3.303.0",
        "@aws-sdk/util-defaults-mode-node": "3.303.0",
        "@aws-sdk/util-endpoints": "3.303.0",
        "@aws-sdk/util-retry": "3.303.0",
        "@aws-sdk/util-user-agent-browser": "3.303.0",
        "@aws-sdk/util-user-agent-node": "3.303.0",
        "@aws-sdk/util-utf8": "3.303.0",
        "tslib": "^2.5.0"
      },
      "engines": {
        "node": ">=14.0.0"
      }
    },
    "node_modules/@aws-sdk/client-sso-oidc/node_modules/@aws-crypto/sha256-js": {
      "version": "3.0.0",
      "license": "Apache-2.0",
      "dependencies": {
        "@aws-crypto/util": "^3.0.0",
        "@aws-sdk/types": "^3.222.0",
        "tslib": "^1.11.1"
      }
    },
    "node_modules/@aws-sdk/client-sso-oidc/node_modules/@aws-crypto/sha256-js/node_modules/tslib": {
      "version": "1.14.1",
      "license": "0BSD"
    },
    "node_modules/@aws-sdk/client-sso/node_modules/@aws-crypto/sha256-js": {
      "version": "3.0.0",
      "license": "Apache-2.0",
      "dependencies": {
        "@aws-crypto/util": "^3.0.0",
        "@aws-sdk/types": "^3.222.0",
        "tslib": "^1.11.1"
      }
    },
    "node_modules/@aws-sdk/client-sso/node_modules/@aws-crypto/sha256-js/node_modules/tslib": {
      "version": "1.14.1",
      "license": "0BSD"
    },
    "node_modules/@aws-sdk/config-resolver": {
      "version": "3.303.0",
      "license": "Apache-2.0",
      "dependencies": {
        "@aws-sdk/types": "3.303.0",
        "@aws-sdk/util-config-provider": "3.295.0",
        "@aws-sdk/util-middleware": "3.303.0",
        "tslib": "^2.5.0"
      },
      "engines": {
        "node": ">=14.0.0"
      }
    },
    "node_modules/@aws-sdk/credential-provider-env": {
      "version": "3.303.0",
      "license": "Apache-2.0",
      "dependencies": {
        "@aws-sdk/property-provider": "3.303.0",
        "@aws-sdk/types": "3.303.0",
        "tslib": "^2.5.0"
      },
      "engines": {
        "node": ">=14.0.0"
      }
    },
    "node_modules/@aws-sdk/credential-provider-imds": {
      "version": "3.303.0",
      "license": "Apache-2.0",
      "dependencies": {
        "@aws-sdk/node-config-provider": "3.303.0",
        "@aws-sdk/property-provider": "3.303.0",
        "@aws-sdk/types": "3.303.0",
        "@aws-sdk/url-parser": "3.303.0",
        "tslib": "^2.5.0"
      },
      "engines": {
        "node": ">=14.0.0"
      }
    },
    "node_modules/@aws-sdk/credential-provider-ini": {
      "version": "3.303.0",
      "license": "Apache-2.0",
      "dependencies": {
        "@aws-sdk/credential-provider-env": "3.303.0",
        "@aws-sdk/credential-provider-imds": "3.303.0",
        "@aws-sdk/credential-provider-process": "3.303.0",
        "@aws-sdk/credential-provider-sso": "3.303.0",
        "@aws-sdk/credential-provider-web-identity": "3.303.0",
        "@aws-sdk/property-provider": "3.303.0",
        "@aws-sdk/shared-ini-file-loader": "3.303.0",
        "@aws-sdk/types": "3.303.0",
        "tslib": "^2.5.0"
      },
      "engines": {
        "node": ">=14.0.0"
      }
    },
    "node_modules/@aws-sdk/credential-provider-node": {
      "version": "3.303.0",
      "license": "Apache-2.0",
      "dependencies": {
        "@aws-sdk/credential-provider-env": "3.303.0",
        "@aws-sdk/credential-provider-imds": "3.303.0",
        "@aws-sdk/credential-provider-ini": "3.303.0",
        "@aws-sdk/credential-provider-process": "3.303.0",
        "@aws-sdk/credential-provider-sso": "3.303.0",
        "@aws-sdk/credential-provider-web-identity": "3.303.0",
        "@aws-sdk/property-provider": "3.303.0",
        "@aws-sdk/shared-ini-file-loader": "3.303.0",
        "@aws-sdk/types": "3.303.0",
        "tslib": "^2.5.0"
      },
      "engines": {
        "node": ">=14.0.0"
      }
    },
    "node_modules/@aws-sdk/credential-provider-process": {
      "version": "3.303.0",
      "license": "Apache-2.0",
      "dependencies": {
        "@aws-sdk/property-provider": "3.303.0",
        "@aws-sdk/shared-ini-file-loader": "3.303.0",
        "@aws-sdk/types": "3.303.0",
        "tslib": "^2.5.0"
      },
      "engines": {
        "node": ">=14.0.0"
      }
    },
    "node_modules/@aws-sdk/credential-provider-sso": {
      "version": "3.303.0",
      "license": "Apache-2.0",
      "dependencies": {
        "@aws-sdk/client-sso": "3.303.0",
        "@aws-sdk/property-provider": "3.303.0",
        "@aws-sdk/shared-ini-file-loader": "3.303.0",
        "@aws-sdk/token-providers": "3.303.0",
        "@aws-sdk/types": "3.303.0",
        "tslib": "^2.5.0"
      },
      "engines": {
        "node": ">=14.0.0"
      }
    },
    "node_modules/@aws-sdk/credential-provider-web-identity": {
      "version": "3.303.0",
      "license": "Apache-2.0",
      "dependencies": {
        "@aws-sdk/property-provider": "3.303.0",
        "@aws-sdk/types": "3.303.0",
        "tslib": "^2.5.0"
      },
      "engines": {
        "node": ">=14.0.0"
      }
    },
    "node_modules/@aws-sdk/fetch-http-handler": {
      "version": "3.303.0",
      "license": "Apache-2.0",
      "dependencies": {
        "@aws-sdk/protocol-http": "3.303.0",
        "@aws-sdk/querystring-builder": "3.303.0",
        "@aws-sdk/types": "3.303.0",
        "@aws-sdk/util-base64": "3.303.0",
        "tslib": "^2.5.0"
      }
    },
    "node_modules/@aws-sdk/hash-node": {
      "version": "3.303.0",
      "license": "Apache-2.0",
      "dependencies": {
        "@aws-sdk/types": "3.303.0",
        "@aws-sdk/util-buffer-from": "3.303.0",
        "@aws-sdk/util-utf8": "3.303.0",
        "tslib": "^2.5.0"
      },
      "engines": {
        "node": ">=14.0.0"
      }
    },
    "node_modules/@aws-sdk/invalid-dependency": {
      "version": "3.303.0",
      "license": "Apache-2.0",
      "dependencies": {
        "@aws-sdk/types": "3.303.0",
        "tslib": "^2.5.0"
      }
    },
    "node_modules/@aws-sdk/is-array-buffer": {
      "version": "3.303.0",
      "license": "Apache-2.0",
      "dependencies": {
        "tslib": "^2.5.0"
      },
      "engines": {
        "node": ">=14.0.0"
      }
    },
    "node_modules/@aws-sdk/middleware-content-length": {
      "version": "3.303.0",
      "license": "Apache-2.0",
      "dependencies": {
        "@aws-sdk/protocol-http": "3.303.0",
        "@aws-sdk/types": "3.303.0",
        "tslib": "^2.5.0"
      },
      "engines": {
        "node": ">=14.0.0"
      }
    },
    "node_modules/@aws-sdk/middleware-endpoint": {
      "version": "3.303.0",
      "license": "Apache-2.0",
      "dependencies": {
        "@aws-sdk/middleware-serde": "3.303.0",
        "@aws-sdk/types": "3.303.0",
        "@aws-sdk/url-parser": "3.303.0",
        "@aws-sdk/util-middleware": "3.303.0",
        "tslib": "^2.5.0"
      },
      "engines": {
        "node": ">=14.0.0"
      }
    },
    "node_modules/@aws-sdk/middleware-host-header": {
      "version": "3.303.0",
      "license": "Apache-2.0",
      "dependencies": {
        "@aws-sdk/protocol-http": "3.303.0",
        "@aws-sdk/types": "3.303.0",
        "tslib": "^2.5.0"
      },
      "engines": {
        "node": ">=14.0.0"
      }
    },
    "node_modules/@aws-sdk/middleware-logger": {
      "version": "3.303.0",
      "license": "Apache-2.0",
      "dependencies": {
        "@aws-sdk/types": "3.303.0",
        "tslib": "^2.5.0"
      },
      "engines": {
        "node": ">=14.0.0"
      }
    },
    "node_modules/@aws-sdk/middleware-recursion-detection": {
      "version": "3.303.0",
      "license": "Apache-2.0",
      "dependencies": {
        "@aws-sdk/protocol-http": "3.303.0",
        "@aws-sdk/types": "3.303.0",
        "tslib": "^2.5.0"
      },
      "engines": {
        "node": ">=14.0.0"
      }
    },
    "node_modules/@aws-sdk/middleware-retry": {
      "version": "3.303.0",
      "license": "Apache-2.0",
      "dependencies": {
        "@aws-sdk/protocol-http": "3.303.0",
        "@aws-sdk/service-error-classification": "3.303.0",
        "@aws-sdk/types": "3.303.0",
        "@aws-sdk/util-middleware": "3.303.0",
        "@aws-sdk/util-retry": "3.303.0",
        "tslib": "^2.5.0",
        "uuid": "^8.3.2"
      },
      "engines": {
        "node": ">=14.0.0"
      }
    },
    "node_modules/@aws-sdk/middleware-serde": {
      "version": "3.303.0",
      "license": "Apache-2.0",
      "dependencies": {
        "@aws-sdk/types": "3.303.0",
        "tslib": "^2.5.0"
      },
      "engines": {
        "node": ">=14.0.0"
      }
    },
    "node_modules/@aws-sdk/middleware-stack": {
      "version": "3.303.0",
      "license": "Apache-2.0",
      "dependencies": {
        "tslib": "^2.5.0"
      },
      "engines": {
        "node": ">=14.0.0"
      }
    },
    "node_modules/@aws-sdk/middleware-user-agent": {
      "version": "3.303.0",
      "license": "Apache-2.0",
      "dependencies": {
        "@aws-sdk/protocol-http": "3.303.0",
        "@aws-sdk/types": "3.303.0",
        "@aws-sdk/util-endpoints": "3.303.0",
        "tslib": "^2.5.0"
      },
      "engines": {
        "node": ">=14.0.0"
      }
    },
    "node_modules/@aws-sdk/node-config-provider": {
      "version": "3.303.0",
      "license": "Apache-2.0",
      "dependencies": {
        "@aws-sdk/property-provider": "3.303.0",
        "@aws-sdk/shared-ini-file-loader": "3.303.0",
        "@aws-sdk/types": "3.303.0",
        "tslib": "^2.5.0"
      },
      "engines": {
        "node": ">=14.0.0"
      }
    },
    "node_modules/@aws-sdk/node-http-handler": {
      "version": "3.303.0",
      "license": "Apache-2.0",
      "dependencies": {
        "@aws-sdk/abort-controller": "3.303.0",
        "@aws-sdk/protocol-http": "3.303.0",
        "@aws-sdk/querystring-builder": "3.303.0",
        "@aws-sdk/types": "3.303.0",
        "tslib": "^2.5.0"
      },
      "engines": {
        "node": ">=14.0.0"
      }
    },
    "node_modules/@aws-sdk/property-provider": {
      "version": "3.303.0",
      "license": "Apache-2.0",
      "dependencies": {
        "@aws-sdk/types": "3.303.0",
        "tslib": "^2.5.0"
      },
      "engines": {
        "node": ">=14.0.0"
      }
    },
    "node_modules/@aws-sdk/protocol-http": {
      "version": "3.303.0",
      "license": "Apache-2.0",
      "dependencies": {
        "@aws-sdk/types": "3.303.0",
        "tslib": "^2.5.0"
      },
      "engines": {
        "node": ">=14.0.0"
      }
    },
    "node_modules/@aws-sdk/querystring-builder": {
      "version": "3.303.0",
      "license": "Apache-2.0",
      "dependencies": {
        "@aws-sdk/types": "3.303.0",
        "@aws-sdk/util-uri-escape": "3.303.0",
        "tslib": "^2.5.0"
      },
      "engines": {
        "node": ">=14.0.0"
      }
    },
    "node_modules/@aws-sdk/querystring-parser": {
      "version": "3.303.0",
      "license": "Apache-2.0",
      "dependencies": {
        "@aws-sdk/types": "3.303.0",
        "tslib": "^2.5.0"
      },
      "engines": {
        "node": ">=14.0.0"
      }
    },
    "node_modules/@aws-sdk/service-error-classification": {
      "version": "3.303.0",
      "license": "Apache-2.0",
      "engines": {
        "node": ">=14.0.0"
      }
    },
    "node_modules/@aws-sdk/shared-ini-file-loader": {
      "version": "3.303.0",
      "license": "Apache-2.0",
      "dependencies": {
        "@aws-sdk/types": "3.303.0",
        "tslib": "^2.5.0"
      },
      "engines": {
        "node": ">=14.0.0"
      }
    },
    "node_modules/@aws-sdk/signature-v4": {
      "version": "3.303.0",
      "license": "Apache-2.0",
      "dependencies": {
        "@aws-sdk/is-array-buffer": "3.303.0",
        "@aws-sdk/types": "3.303.0",
        "@aws-sdk/util-hex-encoding": "3.295.0",
        "@aws-sdk/util-middleware": "3.303.0",
        "@aws-sdk/util-uri-escape": "3.303.0",
        "@aws-sdk/util-utf8": "3.303.0",
        "tslib": "^2.5.0"
      },
      "engines": {
        "node": ">=14.0.0"
      }
    },
    "node_modules/@aws-sdk/smithy-client": {
      "version": "3.303.0",
      "license": "Apache-2.0",
      "dependencies": {
        "@aws-sdk/middleware-stack": "3.303.0",
        "@aws-sdk/types": "3.303.0",
        "tslib": "^2.5.0"
      },
      "engines": {
        "node": ">=14.0.0"
      }
    },
    "node_modules/@aws-sdk/token-providers": {
      "version": "3.303.0",
      "license": "Apache-2.0",
      "dependencies": {
        "@aws-sdk/client-sso-oidc": "3.303.0",
        "@aws-sdk/property-provider": "3.303.0",
        "@aws-sdk/shared-ini-file-loader": "3.303.0",
        "@aws-sdk/types": "3.303.0",
        "tslib": "^2.5.0"
      },
      "engines": {
        "node": ">=14.0.0"
      }
    },
    "node_modules/@aws-sdk/types": {
      "version": "3.303.0",
      "license": "Apache-2.0",
      "dependencies": {
        "tslib": "^2.5.0"
      },
      "engines": {
        "node": ">=14.0.0"
      }
    },
    "node_modules/@aws-sdk/url-parser": {
      "version": "3.303.0",
      "license": "Apache-2.0",
      "dependencies": {
        "@aws-sdk/querystring-parser": "3.303.0",
        "@aws-sdk/types": "3.303.0",
        "tslib": "^2.5.0"
      }
    },
    "node_modules/@aws-sdk/util-base64": {
      "version": "3.303.0",
      "license": "Apache-2.0",
      "dependencies": {
        "@aws-sdk/util-buffer-from": "3.303.0",
        "tslib": "^2.5.0"
      },
      "engines": {
        "node": ">=14.0.0"
      }
    },
    "node_modules/@aws-sdk/util-body-length-browser": {
      "version": "3.303.0",
      "license": "Apache-2.0",
      "dependencies": {
        "tslib": "^2.5.0"
      }
    },
    "node_modules/@aws-sdk/util-body-length-node": {
      "version": "3.303.0",
      "license": "Apache-2.0",
      "dependencies": {
        "tslib": "^2.5.0"
      },
      "engines": {
        "node": ">=14.0.0"
      }
    },
    "node_modules/@aws-sdk/util-buffer-from": {
      "version": "3.303.0",
      "license": "Apache-2.0",
      "dependencies": {
        "@aws-sdk/is-array-buffer": "3.303.0",
        "tslib": "^2.5.0"
      },
      "engines": {
        "node": ">=14.0.0"
      }
    },
    "node_modules/@aws-sdk/util-config-provider": {
      "version": "3.295.0",
      "license": "Apache-2.0",
      "dependencies": {
        "tslib": "^2.5.0"
      },
      "engines": {
        "node": ">=14.0.0"
      }
    },
    "node_modules/@aws-sdk/util-defaults-mode-browser": {
      "version": "3.303.0",
      "license": "Apache-2.0",
      "dependencies": {
        "@aws-sdk/property-provider": "3.303.0",
        "@aws-sdk/types": "3.303.0",
        "bowser": "^2.11.0",
        "tslib": "^2.5.0"
      },
      "engines": {
        "node": ">= 10.0.0"
      }
    },
    "node_modules/@aws-sdk/util-defaults-mode-node": {
      "version": "3.303.0",
      "license": "Apache-2.0",
      "dependencies": {
        "@aws-sdk/config-resolver": "3.303.0",
        "@aws-sdk/credential-provider-imds": "3.303.0",
        "@aws-sdk/node-config-provider": "3.303.0",
        "@aws-sdk/property-provider": "3.303.0",
        "@aws-sdk/types": "3.303.0",
        "tslib": "^2.5.0"
      },
      "engines": {
        "node": ">= 10.0.0"
      }
    },
    "node_modules/@aws-sdk/util-endpoints": {
      "version": "3.303.0",
      "license": "Apache-2.0",
      "dependencies": {
        "@aws-sdk/types": "3.303.0",
        "tslib": "^2.5.0"
      },
      "engines": {
        "node": ">=14.0.0"
      }
    },
    "node_modules/@aws-sdk/util-hex-encoding": {
      "version": "3.295.0",
      "license": "Apache-2.0",
      "dependencies": {
        "tslib": "^2.5.0"
      },
      "engines": {
        "node": ">=14.0.0"
      }
    },
    "node_modules/@aws-sdk/util-locate-window": {
      "version": "3.295.0",
      "license": "Apache-2.0",
      "dependencies": {
        "tslib": "^2.5.0"
      },
      "engines": {
        "node": ">=14.0.0"
      }
    },
    "node_modules/@aws-sdk/util-middleware": {
      "version": "3.303.0",
      "license": "Apache-2.0",
      "dependencies": {
        "tslib": "^2.5.0"
      },
      "engines": {
        "node": ">=14.0.0"
      }
    },
    "node_modules/@aws-sdk/util-retry": {
      "version": "3.303.0",
      "license": "Apache-2.0",
      "dependencies": {
        "@aws-sdk/service-error-classification": "3.303.0",
        "tslib": "^2.5.0"
      },
      "engines": {
        "node": ">= 14.0.0"
      }
    },
    "node_modules/@aws-sdk/util-uri-escape": {
      "version": "3.303.0",
      "license": "Apache-2.0",
      "dependencies": {
        "tslib": "^2.5.0"
      },
      "engines": {
        "node": ">=14.0.0"
      }
    },
    "node_modules/@aws-sdk/util-user-agent-browser": {
      "version": "3.303.0",
      "license": "Apache-2.0",
      "dependencies": {
        "@aws-sdk/types": "3.303.0",
        "bowser": "^2.11.0",
        "tslib": "^2.5.0"
      }
    },
    "node_modules/@aws-sdk/util-user-agent-node": {
      "version": "3.303.0",
      "license": "Apache-2.0",
      "dependencies": {
        "@aws-sdk/node-config-provider": "3.303.0",
        "@aws-sdk/types": "3.303.0",
        "tslib": "^2.5.0"
      },
      "engines": {
        "node": ">=14.0.0"
      },
      "peerDependencies": {
        "aws-crt": ">=1.0.0"
      },
      "peerDependenciesMeta": {
        "aws-crt": {
          "optional": true
        }
      }
    },
    "node_modules/@aws-sdk/util-utf8": {
      "version": "3.303.0",
      "license": "Apache-2.0",
      "dependencies": {
        "@aws-sdk/util-buffer-from": "3.303.0",
        "tslib": "^2.5.0"
      },
      "engines": {
        "node": ">=14.0.0"
      }
    },
    "node_modules/@aws-sdk/util-utf8-browser": {
      "version": "3.259.0",
      "license": "Apache-2.0",
      "dependencies": {
        "tslib": "^2.3.1"
      }
    },
    "node_modules/@types/aws-lambda": {
      "version": "8.10.114",
      "dev": true,
      "license": "MIT"
    },
    "node_modules/bowser": {
      "version": "2.11.0",
      "license": "MIT"
    },
    "node_modules/data-uri-to-buffer": {
      "version": "4.0.1",
      "license": "MIT",
      "engines": {
        "node": ">= 12"
      }
    },
    "node_modules/fetch-blob": {
      "version": "3.2.0",
      "funding": [
        {
          "type": "github",
          "url": "https://github.com/sponsors/jimmywarting"
        },
        {
          "type": "paypal",
          "url": "https://paypal.me/jimmywarting"
        }
      ],
      "license": "MIT",
      "dependencies": {
        "node-domexception": "^1.0.0",
        "web-streams-polyfill": "^3.0.3"
      },
      "engines": {
        "node": "^12.20 || >= 14.13"
      }
    },
    "node_modules/formdata-polyfill": {
      "version": "4.0.10",
      "license": "MIT",
      "dependencies": {
        "fetch-blob": "^3.1.2"
      },
      "engines": {
        "node": ">=12.20.0"
      }
    },
    "node_modules/node-domexception": {
      "version": "1.0.0",
      "funding": [
        {
          "type": "github",
          "url": "https://github.com/sponsors/jimmywarting"
        },
        {
          "type": "github",
          "url": "https://paypal.me/jimmywarting"
        }
      ],
      "license": "MIT",
      "engines": {
        "node": ">=10.5.0"
      }
    },
    "node_modules/node-fetch": {
      "version": "3.3.1",
      "license": "MIT",
      "dependencies": {
        "data-uri-to-buffer": "^4.0.0",
        "fetch-blob": "^3.1.4",
        "formdata-polyfill": "^4.0.10"
      },
      "engines": {
        "node": "^12.20.0 || ^14.13.1 || >=16.0.0"
      },
      "funding": {
        "type": "opencollective",
        "url": "https://opencollective.com/node-fetch"
      }
    },
    "node_modules/tslib": {
      "version": "2.5.0",
      "license": "0BSD"
    },
    "node_modules/uuid": {
      "version": "8.3.2",
      "license": "MIT",
      "bin": {
        "uuid": "dist/bin/uuid"
      }
    },
    "node_modules/web-streams-polyfill": {
      "version": "3.2.1",
      "license": "MIT",
      "engines": {
        "node": ">= 8"
      }
    }
  },
  "dependencies": {
    "@aws-crypto/ie11-detection": {
      "version": "3.0.0",
      "requires": {
        "tslib": "^1.11.1"
      },
      "dependencies": {
        "tslib": {
          "version": "1.14.1"
        }
      }
    },
    "@aws-crypto/sha256-browser": {
      "version": "3.0.0",
      "requires": {
        "@aws-crypto/ie11-detection": "^3.0.0",
        "@aws-crypto/sha256-js": "^3.0.0",
        "@aws-crypto/supports-web-crypto": "^3.0.0",
        "@aws-crypto/util": "^3.0.0",
        "@aws-sdk/types": "^3.222.0",
        "@aws-sdk/util-locate-window": "^3.0.0",
        "@aws-sdk/util-utf8-browser": "^3.0.0",
        "tslib": "^1.11.1"
      },
      "dependencies": {
        "@aws-crypto/sha256-js": {
          "version": "3.0.0",
          "requires": {
            "@aws-crypto/util": "^3.0.0",
            "@aws-sdk/types": "^3.222.0",
            "tslib": "^1.11.1"
          }
        },
        "tslib": {
          "version": "1.14.1"
        }
      }
    },
    "@aws-crypto/sha256-js": {
      "version": "2.0.2",
      "requires": {
        "@aws-crypto/util": "^2.0.2",
        "@aws-sdk/types": "^3.110.0",
        "tslib": "^1.11.1"
      },
      "dependencies": {
        "@aws-crypto/util": {
          "version": "2.0.2",
          "requires": {
            "@aws-sdk/types": "^3.110.0",
            "@aws-sdk/util-utf8-browser": "^3.0.0",
            "tslib": "^1.11.1"
          }
        },
        "tslib": {
          "version": "1.14.1"
        }
      }
    },
    "@aws-crypto/supports-web-crypto": {
      "version": "3.0.0",
      "requires": {
        "tslib": "^1.11.1"
      },
      "dependencies": {
        "tslib": {
          "version": "1.14.1"
        }
      }
    },
    "@aws-crypto/util": {
      "version": "3.0.0",
      "requires": {
        "@aws-sdk/types": "^3.222.0",
        "@aws-sdk/util-utf8-browser": "^3.0.0",
        "tslib": "^1.11.1"
      },
      "dependencies": {
        "tslib": {
          "version": "1.14.1"
        }
      }
    },
    "@aws-sdk/abort-controller": {
      "version": "3.303.0",
      "requires": {
        "@aws-sdk/types": "3.303.0",
        "tslib": "^2.5.0"
      }
    },
    "@aws-sdk/client-sso": {
      "version": "3.303.0",
      "requires": {
        "@aws-crypto/sha256-browser": "3.0.0",
        "@aws-crypto/sha256-js": "3.0.0",
        "@aws-sdk/config-resolver": "3.303.0",
        "@aws-sdk/fetch-http-handler": "3.303.0",
        "@aws-sdk/hash-node": "3.303.0",
        "@aws-sdk/invalid-dependency": "3.303.0",
        "@aws-sdk/middleware-content-length": "3.303.0",
        "@aws-sdk/middleware-endpoint": "3.303.0",
        "@aws-sdk/middleware-host-header": "3.303.0",
        "@aws-sdk/middleware-logger": "3.303.0",
        "@aws-sdk/middleware-recursion-detection": "3.303.0",
        "@aws-sdk/middleware-retry": "3.303.0",
        "@aws-sdk/middleware-serde": "3.303.0",
        "@aws-sdk/middleware-stack": "3.303.0",
        "@aws-sdk/middleware-user-agent": "3.303.0",
        "@aws-sdk/node-config-provider": "3.303.0",
        "@aws-sdk/node-http-handler": "3.303.0",
        "@aws-sdk/protocol-http": "3.303.0",
        "@aws-sdk/smithy-client": "3.303.0",
        "@aws-sdk/types": "3.303.0",
        "@aws-sdk/url-parser": "3.303.0",
        "@aws-sdk/util-base64": "3.303.0",
        "@aws-sdk/util-body-length-browser": "3.303.0",
        "@aws-sdk/util-body-length-node": "3.303.0",
        "@aws-sdk/util-defaults-mode-browser": "3.303.0",
        "@aws-sdk/util-defaults-mode-node": "3.303.0",
        "@aws-sdk/util-endpoints": "3.303.0",
        "@aws-sdk/util-retry": "3.303.0",
        "@aws-sdk/util-user-agent-browser": "3.303.0",
        "@aws-sdk/util-user-agent-node": "3.303.0",
        "@aws-sdk/util-utf8": "3.303.0",
        "tslib": "^2.5.0"
      },
      "dependencies": {
        "@aws-crypto/sha256-js": {
          "version": "3.0.0",
          "requires": {
            "@aws-crypto/util": "^3.0.0",
            "@aws-sdk/types": "^3.222.0",
            "tslib": "^1.11.1"
          },
          "dependencies": {
            "tslib": {
              "version": "1.14.1"
            }
          }
        }
      }
    },
    "@aws-sdk/client-sso-oidc": {
      "version": "3.303.0",
      "requires": {
        "@aws-crypto/sha256-browser": "3.0.0",
        "@aws-crypto/sha256-js": "3.0.0",
        "@aws-sdk/config-resolver": "3.303.0",
        "@aws-sdk/fetch-http-handler": "3.303.0",
        "@aws-sdk/hash-node": "3.303.0",
        "@aws-sdk/invalid-dependency": "3.303.0",
        "@aws-sdk/middleware-content-length": "3.303.0",
        "@aws-sdk/middleware-endpoint": "3.303.0",
        "@aws-sdk/middleware-host-header": "3.303.0",
        "@aws-sdk/middleware-logger": "3.303.0",
        "@aws-sdk/middleware-recursion-detection": "3.303.0",
        "@aws-sdk/middleware-retry": "3.303.0",
        "@aws-sdk/middleware-serde": "3.303.0",
        "@aws-sdk/middleware-stack": "3.303.0",
        "@aws-sdk/middleware-user-agent": "3.303.0",
        "@aws-sdk/node-config-provider": "3.303.0",
        "@aws-sdk/node-http-handler": "3.303.0",
        "@aws-sdk/protocol-http": "3.303.0",
        "@aws-sdk/smithy-client": "3.303.0",
        "@aws-sdk/types": "3.303.0",
        "@aws-sdk/url-parser": "3.303.0",
        "@aws-sdk/util-base64": "3.303.0",
        "@aws-sdk/util-body-length-browser": "3.303.0",
        "@aws-sdk/util-body-length-node": "3.303.0",
        "@aws-sdk/util-defaults-mode-browser": "3.303.0",
        "@aws-sdk/util-defaults-mode-node": "3.303.0",
        "@aws-sdk/util-endpoints": "3.303.0",
        "@aws-sdk/util-retry": "3.303.0",
        "@aws-sdk/util-user-agent-browser": "3.303.0",
        "@aws-sdk/util-user-agent-node": "3.303.0",
        "@aws-sdk/util-utf8": "3.303.0",
        "tslib": "^2.5.0"
      },
      "dependencies": {
        "@aws-crypto/sha256-js": {
          "version": "3.0.0",
          "requires": {
            "@aws-crypto/util": "^3.0.0",
            "@aws-sdk/types": "^3.222.0",
            "tslib": "^1.11.1"
          },
          "dependencies": {
            "tslib": {
              "version": "1.14.1"
            }
          }
        }
      }
    },
    "@aws-sdk/config-resolver": {
      "version": "3.303.0",
      "requires": {
        "@aws-sdk/types": "3.303.0",
        "@aws-sdk/util-config-provider": "3.295.0",
        "@aws-sdk/util-middleware": "3.303.0",
        "tslib": "^2.5.0"
      }
    },
    "@aws-sdk/credential-provider-env": {
      "version": "3.303.0",
      "requires": {
        "@aws-sdk/property-provider": "3.303.0",
        "@aws-sdk/types": "3.303.0",
        "tslib": "^2.5.0"
      }
    },
    "@aws-sdk/credential-provider-imds": {
      "version": "3.303.0",
      "requires": {
        "@aws-sdk/node-config-provider": "3.303.0",
        "@aws-sdk/property-provider": "3.303.0",
        "@aws-sdk/types": "3.303.0",
        "@aws-sdk/url-parser": "3.303.0",
        "tslib": "^2.5.0"
      }
    },
    "@aws-sdk/credential-provider-ini": {
      "version": "3.303.0",
      "requires": {
        "@aws-sdk/credential-provider-env": "3.303.0",
        "@aws-sdk/credential-provider-imds": "3.303.0",
        "@aws-sdk/credential-provider-process": "3.303.0",
        "@aws-sdk/credential-provider-sso": "3.303.0",
        "@aws-sdk/credential-provider-web-identity": "3.303.0",
        "@aws-sdk/property-provider": "3.303.0",
        "@aws-sdk/shared-ini-file-loader": "3.303.0",
        "@aws-sdk/types": "3.303.0",
        "tslib": "^2.5.0"
      }
    },
    "@aws-sdk/credential-provider-node": {
      "version": "3.303.0",
      "requires": {
        "@aws-sdk/credential-provider-env": "3.303.0",
        "@aws-sdk/credential-provider-imds": "3.303.0",
        "@aws-sdk/credential-provider-ini": "3.303.0",
        "@aws-sdk/credential-provider-process": "3.303.0",
        "@aws-sdk/credential-provider-sso": "3.303.0",
        "@aws-sdk/credential-provider-web-identity": "3.303.0",
        "@aws-sdk/property-provider": "3.303.0",
        "@aws-sdk/shared-ini-file-loader": "3.303.0",
        "@aws-sdk/types": "3.303.0",
        "tslib": "^2.5.0"
      }
    },
    "@aws-sdk/credential-provider-process": {
      "version": "3.303.0",
      "requires": {
        "@aws-sdk/property-provider": "3.303.0",
        "@aws-sdk/shared-ini-file-loader": "3.303.0",
        "@aws-sdk/types": "3.303.0",
        "tslib": "^2.5.0"
      }
    },
    "@aws-sdk/credential-provider-sso": {
      "version": "3.303.0",
      "requires": {
        "@aws-sdk/client-sso": "3.303.0",
        "@aws-sdk/property-provider": "3.303.0",
        "@aws-sdk/shared-ini-file-loader": "3.303.0",
        "@aws-sdk/token-providers": "3.303.0",
        "@aws-sdk/types": "3.303.0",
        "tslib": "^2.5.0"
      }
    },
    "@aws-sdk/credential-provider-web-identity": {
      "version": "3.303.0",
      "requires": {
        "@aws-sdk/property-provider": "3.303.0",
        "@aws-sdk/types": "3.303.0",
        "tslib": "^2.5.0"
      }
    },
    "@aws-sdk/fetch-http-handler": {
      "version": "3.303.0",
      "requires": {
        "@aws-sdk/protocol-http": "3.303.0",
        "@aws-sdk/querystring-builder": "3.303.0",
        "@aws-sdk/types": "3.303.0",
        "@aws-sdk/util-base64": "3.303.0",
        "tslib": "^2.5.0"
      }
    },
    "@aws-sdk/hash-node": {
      "version": "3.303.0",
      "requires": {
        "@aws-sdk/types": "3.303.0",
        "@aws-sdk/util-buffer-from": "3.303.0",
        "@aws-sdk/util-utf8": "3.303.0",
        "tslib": "^2.5.0"
      }
    },
    "@aws-sdk/invalid-dependency": {
      "version": "3.303.0",
      "requires": {
        "@aws-sdk/types": "3.303.0",
        "tslib": "^2.5.0"
      }
    },
    "@aws-sdk/is-array-buffer": {
      "version": "3.303.0",
      "requires": {
        "tslib": "^2.5.0"
      }
    },
    "@aws-sdk/middleware-content-length": {
      "version": "3.303.0",
      "requires": {
        "@aws-sdk/protocol-http": "3.303.0",
        "@aws-sdk/types": "3.303.0",
        "tslib": "^2.5.0"
      }
    },
    "@aws-sdk/middleware-endpoint": {
      "version": "3.303.0",
      "requires": {
        "@aws-sdk/middleware-serde": "3.303.0",
        "@aws-sdk/types": "3.303.0",
        "@aws-sdk/url-parser": "3.303.0",
        "@aws-sdk/util-middleware": "3.303.0",
        "tslib": "^2.5.0"
      }
    },
    "@aws-sdk/middleware-host-header": {
      "version": "3.303.0",
      "requires": {
        "@aws-sdk/protocol-http": "3.303.0",
        "@aws-sdk/types": "3.303.0",
        "tslib": "^2.5.0"
      }
    },
    "@aws-sdk/middleware-logger": {
      "version": "3.303.0",
      "requires": {
        "@aws-sdk/types": "3.303.0",
        "tslib": "^2.5.0"
      }
    },
    "@aws-sdk/middleware-recursion-detection": {
      "version": "3.303.0",
      "requires": {
        "@aws-sdk/protocol-http": "3.303.0",
        "@aws-sdk/types": "3.303.0",
        "tslib": "^2.5.0"
      }
    },
    "@aws-sdk/middleware-retry": {
      "version": "3.303.0",
      "requires": {
        "@aws-sdk/protocol-http": "3.303.0",
        "@aws-sdk/service-error-classification": "3.303.0",
        "@aws-sdk/types": "3.303.0",
        "@aws-sdk/util-middleware": "3.303.0",
        "@aws-sdk/util-retry": "3.303.0",
        "tslib": "^2.5.0",
        "uuid": "^8.3.2"
      }
    },
    "@aws-sdk/middleware-serde": {
      "version": "3.303.0",
      "requires": {
        "@aws-sdk/types": "3.303.0",
        "tslib": "^2.5.0"
      }
    },
    "@aws-sdk/middleware-stack": {
      "version": "3.303.0",
      "requires": {
        "tslib": "^2.5.0"
      }
    },
    "@aws-sdk/middleware-user-agent": {
      "version": "3.303.0",
      "requires": {
        "@aws-sdk/protocol-http": "3.303.0",
        "@aws-sdk/types": "3.303.0",
        "@aws-sdk/util-endpoints": "3.303.0",
        "tslib": "^2.5.0"
      }
    },
    "@aws-sdk/node-config-provider": {
      "version": "3.303.0",
      "requires": {
        "@aws-sdk/property-provider": "3.303.0",
        "@aws-sdk/shared-ini-file-loader": "3.303.0",
        "@aws-sdk/types": "3.303.0",
        "tslib": "^2.5.0"
      }
    },
    "@aws-sdk/node-http-handler": {
      "version": "3.303.0",
      "requires": {
        "@aws-sdk/abort-controller": "3.303.0",
        "@aws-sdk/protocol-http": "3.303.0",
        "@aws-sdk/querystring-builder": "3.303.0",
        "@aws-sdk/types": "3.303.0",
        "tslib": "^2.5.0"
      }
    },
    "@aws-sdk/property-provider": {
      "version": "3.303.0",
      "requires": {
        "@aws-sdk/types": "3.303.0",
        "tslib": "^2.5.0"
      }
    },
    "@aws-sdk/protocol-http": {
      "version": "3.303.0",
      "requires": {
        "@aws-sdk/types": "3.303.0",
        "tslib": "^2.5.0"
      }
    },
    "@aws-sdk/querystring-builder": {
      "version": "3.303.0",
      "requires": {
        "@aws-sdk/types": "3.303.0",
        "@aws-sdk/util-uri-escape": "3.303.0",
        "tslib": "^2.5.0"
      }
    },
    "@aws-sdk/querystring-parser": {
      "version": "3.303.0",
      "requires": {
        "@aws-sdk/types": "3.303.0",
        "tslib": "^2.5.0"
      }
    },
    "@aws-sdk/service-error-classification": {
      "version": "3.303.0"
    },
    "@aws-sdk/shared-ini-file-loader": {
      "version": "3.303.0",
      "requires": {
        "@aws-sdk/types": "3.303.0",
        "tslib": "^2.5.0"
      }
    },
    "@aws-sdk/signature-v4": {
      "version": "3.303.0",
      "requires": {
        "@aws-sdk/is-array-buffer": "3.303.0",
        "@aws-sdk/types": "3.303.0",
        "@aws-sdk/util-hex-encoding": "3.295.0",
        "@aws-sdk/util-middleware": "3.303.0",
        "@aws-sdk/util-uri-escape": "3.303.0",
        "@aws-sdk/util-utf8": "3.303.0",
        "tslib": "^2.5.0"
      }
    },
    "@aws-sdk/smithy-client": {
      "version": "3.303.0",
      "requires": {
        "@aws-sdk/middleware-stack": "3.303.0",
        "@aws-sdk/types": "3.303.0",
        "tslib": "^2.5.0"
      }
    },
    "@aws-sdk/token-providers": {
      "version": "3.303.0",
      "requires": {
        "@aws-sdk/client-sso-oidc": "3.303.0",
        "@aws-sdk/property-provider": "3.303.0",
        "@aws-sdk/shared-ini-file-loader": "3.303.0",
        "@aws-sdk/types": "3.303.0",
        "tslib": "^2.5.0"
      }
    },
    "@aws-sdk/types": {
      "version": "3.303.0",
      "requires": {
        "tslib": "^2.5.0"
      }
    },
    "@aws-sdk/url-parser": {
      "version": "3.303.0",
      "requires": {
        "@aws-sdk/querystring-parser": "3.303.0",
        "@aws-sdk/types": "3.303.0",
        "tslib": "^2.5.0"
      }
    },
    "@aws-sdk/util-base64": {
      "version": "3.303.0",
      "requires": {
        "@aws-sdk/util-buffer-from": "3.303.0",
        "tslib": "^2.5.0"
      }
    },
    "@aws-sdk/util-body-length-browser": {
      "version": "3.303.0",
      "requires": {
        "tslib": "^2.5.0"
      }
    },
    "@aws-sdk/util-body-length-node": {
      "version": "3.303.0",
      "requires": {
        "tslib": "^2.5.0"
      }
    },
    "@aws-sdk/util-buffer-from": {
      "version": "3.303.0",
      "requires": {
        "@aws-sdk/is-array-buffer": "3.303.0",
        "tslib": "^2.5.0"
      }
    },
    "@aws-sdk/util-config-provider": {
      "version": "3.295.0",
      "requires": {
        "tslib": "^2.5.0"
      }
    },
    "@aws-sdk/util-defaults-mode-browser": {
      "version": "3.303.0",
      "requires": {
        "@aws-sdk/property-provider": "3.303.0",
        "@aws-sdk/types": "3.303.0",
        "bowser": "^2.11.0",
        "tslib": "^2.5.0"
      }
    },
    "@aws-sdk/util-defaults-mode-node": {
      "version": "3.303.0",
      "requires": {
        "@aws-sdk/config-resolver": "3.303.0",
        "@aws-sdk/credential-provider-imds": "3.303.0",
        "@aws-sdk/node-config-provider": "3.303.0",
        "@aws-sdk/property-provider": "3.303.0",
        "@aws-sdk/types": "3.303.0",
        "tslib": "^2.5.0"
      }
    },
    "@aws-sdk/util-endpoints": {
      "version": "3.303.0",
      "requires": {
        "@aws-sdk/types": "3.303.0",
        "tslib": "^2.5.0"
      }
    },
    "@aws-sdk/util-hex-encoding": {
      "version": "3.295.0",
      "requires": {
        "tslib": "^2.5.0"
      }
    },
    "@aws-sdk/util-locate-window": {
      "version": "3.295.0",
      "requires": {
        "tslib": "^2.5.0"
      }
    },
    "@aws-sdk/util-middleware": {
      "version": "3.303.0",
      "requires": {
        "tslib": "^2.5.0"
      }
    },
    "@aws-sdk/util-retry": {
      "version": "3.303.0",
      "requires": {
        "@aws-sdk/service-error-classification": "3.303.0",
        "tslib": "^2.5.0"
      }
    },
    "@aws-sdk/util-uri-escape": {
      "version": "3.303.0",
      "requires": {
        "tslib": "^2.5.0"
      }
    },
    "@aws-sdk/util-user-agent-browser": {
      "version": "3.303.0",
      "requires": {
        "@aws-sdk/types": "3.303.0",
        "bowser": "^2.11.0",
        "tslib": "^2.5.0"
      }
    },
    "@aws-sdk/util-user-agent-node": {
      "version": "3.303.0",
      "requires": {
        "@aws-sdk/node-config-provider": "3.303.0",
        "@aws-sdk/types": "3.303.0",
        "tslib": "^2.5.0"
      }
    },
    "@aws-sdk/util-utf8": {
      "version": "3.303.0",
      "requires": {
        "@aws-sdk/util-buffer-from": "3.303.0",
        "tslib": "^2.5.0"
      }
    },
    "@aws-sdk/util-utf8-browser": {
      "version": "3.259.0",
      "requires": {
        "tslib": "^2.3.1"
      }
    },
    "@types/aws-lambda": {
      "version": "8.10.114",
      "dev": true
    },
    "bowser": {
      "version": "2.11.0"
    },
    "data-uri-to-buffer": {
      "version": "4.0.1"
    },
    "fetch-blob": {
      "version": "3.2.0",
      "requires": {
        "node-domexception": "^1.0.0",
        "web-streams-polyfill": "^3.0.3"
      }
    },
    "formdata-polyfill": {
      "version": "4.0.10",
      "requires": {
        "fetch-blob": "^3.1.2"
      }
    },
    "node-domexception": {
      "version": "1.0.0"
    },
    "node-fetch": {
      "version": "3.3.1",
      "requires": {
        "data-uri-to-buffer": "^4.0.0",
        "fetch-blob": "^3.1.4",
        "formdata-polyfill": "^4.0.10"
      }
    },
    "tslib": {
      "version": "2.5.0"
    },
    "uuid": {
      "version": "8.3.2"
    },
    "web-streams-polyfill": {
      "version": "3.2.1"
    }
  }
}
