{
  "name": "memesrcsourcemediazipprocessor",
  "version": "2.0.0",
  "lockfileVersion": 3,
  "requires": true,
  "packages": {
    "": {
      "name": "memesrcsourcemediazipprocessor",
      "version": "2.0.0",
      "license": "Apache-2.0",
      "devDependencies": {
        "@types/aws-lambda": "^8.10.92"
      }
    },
    "node_modules/@types/aws-lambda": {
      "version": "8.10.152",
      "resolved": "https://registry.npmjs.org/@types/aws-lambda/-/aws-lambda-8.10.152.tgz",
      "integrity": "sha512-soT/c2gYBnT5ygwiHPmd9a1bftj462NWVk2tKCc1PYHSIacB2UwbTS2zYG4jzag1mRDuzg/OjtxQjQ2NKRB6Rw==",
      "dev": true,
      "license": "MIT"
    }
  }
}
