# THIS IS AN AUTOGENERATED FILE. DO NOT EDIT THIS FILE DIRECTLY.
# yarn lockfile v1


"@types/aws-lambda@^8.10.92":
  version "8.10.155"
  resolved "https://registry.yarnpkg.com/@types/aws-lambda/-/aws-lambda-8.10.155.tgz#e5ad5a52dc6b3166722d6c23cdcb197b73d5c897"
  integrity sha512-wd1XgoL0gy/ybo7WozUKQBd+IOgUkdfG6uUGI0fQOTEq06FBFdO7tmPDSxgjkFkl8GlfApvk5TvqZlAl0g+Lbg==
